
Microsoft Visual Studio Solution File, Format Version 12.00
# Visual Studio Version 17
VisualStudioVersion = 17.5.002.0
MinimumVisualStudioVersion = 10.0.40219.1
Project("{9A19103F-16F7-4668-BE54-9A1E7A4F7556}") = "projekt1", "CalcAndPrintStudGrad\projekt1.csproj", "{BD800A8C-86C9-47A7-88E0-B2CD6A72F9F7}"
EndProject
Global
	GlobalSection(SolutionConfigurationPlatforms) = preSolution
		Debug|Any CPU = Debug|Any CPU
		Release|Any CPU = Release|Any CPU
	EndGlobalSection
	GlobalSection(ProjectConfigurationPlatforms) = postSolution
		{BD800A8C-86C9-47A7-88E0-B2CD6A72F9F7}.Debug|Any CPU.ActiveCfg = Debug|Any CPU
		{BD800A8C-86C9-47A7-88E0-B2CD6A72F9F7}.Debug|Any CPU.Build.0 = Debug|Any CPU
		{BD800A8C-86C9-47A7-88E0-B2CD6A72F9F7}.Release|Any CPU.ActiveCfg = Release|Any CPU
		{BD800A8C-86C9-47A7-88E0-B2CD6A72F9F7}.Release|Any CPU.Build.0 = Release|Any CPU
	EndGlobalSection
	GlobalSection(SolutionProperties) = preSolution
		HideSolutionNode = FALSE
	EndGlobalSection
	GlobalSection(ExtensibilityGlobals) = postSolution
		SolutionGuid = {97365D5A-DFD2-41AD-98F9-7DF27DF5D128}
	EndGlobalSection
EndGlobal
